
Microsoft Visual Studio Solution File, Format Version 12.00
# Visual Studio Version 16
VisualStudioVersion = 25.0.1703.5
MinimumVisualStudioVersion = 10.0.40219.1
Project("{FAE04EC0-301F-11D3-BF4B-00C04F79EFBC}") = "ReactBackend", "ReactBackend\ReactBackend.csproj", "{9E673EF6-8951-4E86-9B3A-0420282F8C9C}"
EndProject
Project("{FAE04EC0-301F-11D3-BF4B-00C04F79EFBC}") = "ReactBackend.Tests", "ReactBackend.Tests\ReactBackend.Tests.csproj", "{23D0F715-5D2A-4462-A2DC-6EFD8EAC5BD4}"
EndProject
Global
	GlobalSection(SolutionConfigurationPlatforms) = preSolution
		Debug|Any CPU = Debug|Any CPU
		Release|Any CPU = Release|Any CPU
	EndGlobalSection
	GlobalSection(ProjectConfigurationPlatforms) = postSolution
		{9E673EF6-8951-4E86-9B3A-0420282F8C9C}.Debug|Any CPU.ActiveCfg = Debug|Any CPU
		{9E673EF6-8951-4E86-9B3A-0420282F8C9C}.Debug|Any CPU.Build.0 = Debug|Any CPU
		{9E673EF6-8951-4E86-9B3A-0420282F8C9C}.Release|Any CPU.ActiveCfg = Release|Any CPU
		{9E673EF6-8951-4E86-9B3A-0420282F8C9C}.Release|Any CPU.Build.0 = Release|Any CPU
		{23D0F715-5D2A-4462-A2DC-6EFD8EAC5BD4}.Debug|Any CPU.ActiveCfg = Debug|Any CPU
		{23D0F715-5D2A-4462-A2DC-6EFD8EAC5BD4}.Debug|Any CPU.Build.0 = Debug|Any CPU
		{23D0F715-5D2A-4462-A2DC-6EFD8EAC5BD4}.Release|Any CPU.ActiveCfg = Release|Any CPU
		{23D0F715-5D2A-4462-A2DC-6EFD8EAC5BD4}.Release|Any CPU.Build.0 = Release|Any CPU
	EndGlobalSection
	GlobalSection(SolutionProperties) = preSolution
		HideSolutionNode = FALSE
	EndGlobalSection
	GlobalSection(ExtensibilityGlobals) = postSolution
		SolutionGuid = {6F528C67-232F-49A2-9FB2-0E4C43FAD3D6}
	EndGlobalSection
EndGlobal
